Microsoft Visual Studio Solution File, Format Version 12.00
# Visual Studio Version 17
VisualStudioVersion = 17.5.2.0
MinimumVisualStudioVersion = 10.0.40219.1
Project("{FAE04EC0-301F-11D3-BF4B-00C04F79EFBC}") = "Q1_p1", "Q1_p1.csproj", "{93E6157F-5DB6-765C-4B96-818DFB7DDAEE}"
EndProject
Global
	GlobalSection(SolutionConfigurationPlatforms) = preSolution
		Debug|Any CPU = Debug|Any CPU
		Release|Any CPU = Release|Any CPU
	EndGlobalSection
	GlobalSection(ProjectConfigurationPlatforms) = postSolution
		{93E6157F-5DB6-765C-4B96-818DFB7DDAEE}.Debug|Any CPU.ActiveCfg = Debug|Any CPU
		{93E6157F-5DB6-765C-4B96-818DFB7DDAEE}.Debug|Any CPU.Build.0 = Debug|Any CPU
		{93E6157F-5DB6-765C-4B96-818DFB7DDAEE}.Release|Any CPU.ActiveCfg = Release|Any CPU
		{93E6157F-5DB6-765C-4B96-818DFB7DDAEE}.Release|Any CPU.Build.0 = Release|Any CPU
	EndGlobalSection
	GlobalSection(SolutionProperties) = preSolution
		HideSolutionNode = FALSE
	EndGlobalSection
	GlobalSection(ExtensibilityGlobals) = postSolution
		SolutionGuid = {7EEC977C-5211-4013-890C-D3AD5A64EA76}
	EndGlobalSection
EndGlobal
